
Microsoft Visual Studio Solution File, Format Version 12.00
# Visual Studio Version 17
VisualStudioVersion = 17.9.34723.18
MinimumVisualStudioVersion = 10.0.40219.1
Project("{FAE04EC0-301F-11D3-BF4B-00C04F79EFBC}") = "DockerDotnetConfigPOC", "DockerDotnetConfigPOC\DockerDotnetConfigPOC.csproj", "{1E4DD132-FB7E-4DBB-AC90-0F1FC81E835E}"
EndProject
Global
	GlobalSection(SolutionConfigurationPlatforms) = preSolution
		Debug|Any CPU = Debug|Any CPU
		Release|Any CPU = Release|Any CPU
	EndGlobalSection
	GlobalSection(ProjectConfigurationPlatforms) = postSolution
		{1E4DD132-FB7E-4DBB-AC90-0F1FC81E835E}.Debug|Any CPU.ActiveCfg = Debug|Any CPU
		{1E4DD132-FB7E-4DBB-AC90-0F1FC81E835E}.Debug|Any CPU.Build.0 = Debug|Any CPU
		{1E4DD132-FB7E-4DBB-AC90-0F1FC81E835E}.Release|Any CPU.ActiveCfg = Release|Any CPU
		{1E4DD132-FB7E-4DBB-AC90-0F1FC81E835E}.Release|Any CPU.Build.0 = Release|Any CPU
	EndGlobalSection
	GlobalSection(SolutionProperties) = preSolution
		HideSolutionNode = FALSE
	EndGlobalSection
	GlobalSection(ExtensibilityGlobals) = postSolution
		SolutionGuid = {09F4853F-30C7-4C6E-BD9B-809F57B24FE4}
	EndGlobalSection
EndGlobal
